dependencies:
- name: redmine
  repository: https://charts.bitnami.com/bitnami/
  version: 21.0.4
- name: kube-prometheus-stack
  repository: https://prometheus-community.github.io/helm-charts
  version: 41.7.4
digest: sha256:162c129d1fcaf31a94357ed96156df9ceeb8d0fd866dd9ed5d363cabf9892931
generated: "2023-01-15T16:44:58.648037756-03:00"
